<?xml version="1.0" encoding="utf-8"?>
<Project ToolsVersion="4.0" xmlns="http://schemas.microsoft.com/developer/msbuild/2003">
  <ItemGroup>
    <ClCompile Include="src\Application.cpp">
      <Filter>src</Filter>
    </ClCompile>
    <ClCompile Include="src\main.cpp">
      <Filter>src</Filter>
    </ClCompile>
    <ClCompile Include="src\System.cpp">
      <Filter>src</Filter>
    </ClCompile>
    <ClCompile Include="src\scene\DebugCamera.cpp">
      <Filter>src\render</Filter>
    </ClCompile>
    <ClCompile Include="src\render\DebugDraw.cpp">
      <Filter>src\render</Filter>
    </ClCompile>
    <ClCompile Include="src\render\GPUOctree.cpp">
      <Filter>src\render</Filter>
    </ClCompile>
    <ClCompile Include="src\render\InputLayoutFactory.cpp">
      <Filter>src\render</Filter>
    </ClCompile>
    <ClCompile Include="src\render\Rectangle.cpp">
      <Filter>src\render</Filter>
    </ClCompile>
    <ClCompile Include="src\render\Renderer.cpp">
      <Filter>src\render</Filter>
    </ClCompile>
    <ClCompile Include="src\render\Shader.cpp">
      <Filter>src\render</Filter>
    </ClCompile>
    <ClCompile Include="src\render\ShaderManager.cpp">
      <Filter>src\render</Filter>
    </ClCompile>
    <ClCompile Include="src\render\ShaderType.cpp">
      <Filter>src\render</Filter>
    </ClCompile>
    <ClCompile Include="src\render\ShadowMap.cpp">
      <Filter>src\render</Filter>
    </ClCompile>
    <ClCompile Include="..\Common\Timer.cpp">
      <Filter>src</Filter>
    </ClCompile>
    <ClCompile Include="..\Common\Input.cpp">
      <Filter>src</Filter>
    </ClCompile>
    <ClCompile Include="..\Common\render\Geometry.cpp">
      <Filter>src\render</Filter>
    </ClCompile>
    <ClCompile Include="..\Common\render\AnimObject.cpp">
      <Filter>src\render</Filter>
    </ClCompile>
    <ClCompile Include="..\Common\render\Material.cpp">
      <Filter>src\render</Filter>
    </ClCompile>
    <ClCompile Include="..\Common\render\Mesh.cpp">
      <Filter>src\render</Filter>
    </ClCompile>
    <ClCompile Include="..\Common\render\Node.cpp">
      <Filter>src\render</Filter>
    </ClCompile>
    <ClCompile Include="..\Common\render\Object.cpp">
      <Filter>src\render</Filter>
    </ClCompile>
    <ClCompile Include="src\load\ModelLoader.cpp">
      <Filter>src\load</Filter>
    </ClCompile>
  </ItemGroup>
  <ItemGroup>
    <ClInclude Include="src\Application.h">
      <Filter>src</Filter>
    </ClInclude>
    <ClInclude Include="src\System.h">
      <Filter>src</Filter>
    </ClInclude>
    <ClInclude Include="src\Widget.h">
      <Filter>src</Filter>
    </ClInclude>
    <ClInclude Include="src\scene\DebugCamera.h">
      <Filter>src\render</Filter>
    </ClInclude>
    <ClInclude Include="src\render\DebugDraw.h">
      <Filter>src\render</Filter>
    </ClInclude>
    <ClInclude Include="src\render\GPUOctree.h">
      <Filter>src\render</Filter>
    </ClInclude>
    <ClInclude Include="src\render\InputLayoutFactory.h">
      <Filter>src\render</Filter>
    </ClInclude>
    <ClInclude Include="src\render\Rectangle.h">
      <Filter>src\render</Filter>
    </ClInclude>
    <ClInclude Include="src\render\Renderer.h">
      <Filter>src\render</Filter>
    </ClInclude>
    <ClInclude Include="src\render\Shader.h">
      <Filter>src\render</Filter>
    </ClInclude>
    <ClInclude Include="src\render\ShaderManager.h">
      <Filter>src\render</Filter>
    </ClInclude>
    <ClInclude Include="src\render\ShaderType.h">
      <Filter>src\render</Filter>
    </ClInclude>
    <ClInclude Include="src\render\ShadowMap.h">
      <Filter>src\render</Filter>
    </ClInclude>
    <ClInclude Include="..\Common\Input.h">
      <Filter>src</Filter>
    </ClInclude>
    <ClInclude Include="..\Common\Timer.h">
      <Filter>src</Filter>
    </ClInclude>
    <ClInclude Include="..\Common\load\load_geometry.h">
      <Filter>src\load</Filter>
    </ClInclude>
    <ClInclude Include="..\Common\load\load.h">
      <Filter>src\load</Filter>
    </ClInclude>
    <ClInclude Include="..\Common\load\load_material.h">
      <Filter>src\load</Filter>
    </ClInclude>
    <ClInclude Include="..\Common\load\load_mesh.h">
      <Filter>src\load</Filter>
    </ClInclude>
    <ClInclude Include="..\Common\load\load_node.h">
      <Filter>src\load</Filter>
    </ClInclude>
    <ClInclude Include="..\Common\load\load_texture.h">
      <Filter>src\load</Filter>
    </ClInclude>
    <ClInclude Include="..\Common\render\AnimObject.h">
      <Filter>src\render</Filter>
    </ClInclude>
    <ClInclude Include="..\Common\render\Geometry.h">
      <Filter>src\render</Filter>
    </ClInclude>
    <ClInclude Include="..\Common\render\Material.h">
      <Filter>src\render</Filter>
    </ClInclude>
    <ClInclude Include="..\Common\render\Mesh.h">
      <Filter>src\render</Filter>
    </ClInclude>
    <ClInclude Include="..\Common\render\Node.h">
      <Filter>src\render</Filter>
    </ClInclude>
    <ClInclude Include="..\Common\render\Object.h">
      <Filter>src\render</Filter>
    </ClInclude>
    <ClInclude Include="..\Common\render\render.h">
      <Filter>src\render</Filter>
    </ClInclude>
    <ClInclude Include="..\Common\stdafx.h">
      <Filter>src</Filter>
    </ClInclude>
    <ClInclude Include="src\load\ModelLoader.h">
      <Filter>src\load</Filter>
    </ClInclude>
  </ItemGroup>
  <ItemGroup>
    <Filter Include="src">
      <UniqueIdentifier>{75dcd2e7-b47a-47dd-8608-1c1f49bbece8}</UniqueIdentifier>
    </Filter>
    <Filter Include="src\render">
      <UniqueIdentifier>{2296abe2-929e-4c0d-a92b-4d3d3095de56}</UniqueIdentifier>
    </Filter>
    <Filter Include="src\load">
      <UniqueIdentifier>{b32905da-bf43-4ddf-ac66-15b4620781fb}</UniqueIdentifier>
    </Filter>
  </ItemGroup>
</Project>