<?xml version="1.0" encoding="utf-8"?>
<Project ToolsVersion="4.0" xmlns="http://schemas.microsoft.com/developer/msbuild/2003">
  <ItemGroup>
    <ClCompile Include="src\Application.cpp">
      <Filter>src</Filter>
    </ClCompile>
    <ClCompile Include="src\main.cpp">
      <Filter>src</Filter>
    </ClCompile>
    <ClCompile Include="src\System.cpp">
      <Filter>src</Filter>
    </ClCompile>
    <ClCompile Include="src\scene\DebugCamera.cpp">
      <Filter>src\scene</Filter>
    </ClCompile>
    <ClCompile Include="src\render\InputLayoutFactory.cpp">
      <Filter>src\render</Filter>
    </ClCompile>
    <ClCompile Include="src\render\ShaderManager.cpp">
      <Filter>src\render</Filter>
    </ClCompile>
    <ClCompile Include="src\render\Shader.cpp">
      <Filter>src\render</Filter>
    </ClCompile>
    <ClCompile Include="src\render\Renderer.cpp">
      <Filter>src\render</Filter>
    </ClCompile>
    <ClCompile Include="src\render\ShaderType.cpp">
      <Filter>src\render</Filter>
    </ClCompile>
    <ClCompile Include="src\render\ShadowMap.cpp">
      <Filter>src\render</Filter>
    </ClCompile>
    <ClCompile Include="src\scene\Ocean.cpp">
      <Filter>src\scene</Filter>
    </ClCompile>
    <ClCompile Include="src\scene\QuadTreeMesh.cpp">
      <Filter>src\scene</Filter>
    </ClCompile>
    <ClCompile Include="src\scene\SkyBox.cpp">
      <Filter>src\scene</Filter>
    </ClCompile>
    <ClCompile Include="src\scene\Airplane.cpp">
      <Filter>src\scene</Filter>
    </ClCompile>
    <ClCompile Include="src\scene\CameraThirdPerson.cpp">
      <Filter>src\scene</Filter>
    </ClCompile>
    <ClCompile Include="..\Common\font\FontManager.cpp">
      <Filter>src\font</Filter>
    </ClCompile>
    <ClCompile Include="..\Common\font\FontPack.cpp">
      <Filter>src\font</Filter>
    </ClCompile>
    <ClCompile Include="..\Common\font\FontShader.cpp">
      <Filter>src\font</Filter>
    </ClCompile>
    <ClCompile Include="..\Common\render\AnimObject.cpp">
      <Filter>src\render</Filter>
    </ClCompile>
    <ClCompile Include="..\Common\render\Geometry.cpp">
      <Filter>src\render</Filter>
    </ClCompile>
    <ClCompile Include="..\Common\render\Material.cpp">
      <Filter>src\render</Filter>
    </ClCompile>
    <ClCompile Include="..\Common\render\Mesh.cpp">
      <Filter>src\render</Filter>
    </ClCompile>
    <ClCompile Include="..\Common\render\Node.cpp">
      <Filter>src\render</Filter>
    </ClCompile>
    <ClCompile Include="..\Common\render\Object.cpp">
      <Filter>src\render</Filter>
    </ClCompile>
    <ClCompile Include="..\Common\Input.cpp">
      <Filter>src</Filter>
    </ClCompile>
    <ClCompile Include="..\Common\Timer.cpp">
      <Filter>src</Filter>
    </ClCompile>
    <ClCompile Include="..\Common\render\DebugDraw.cpp">
      <Filter>src\render</Filter>
    </ClCompile>
    <ClCompile Include="..\Common\render\Glare.cpp">
      <Filter>src\render</Filter>
    </ClCompile>
    <ClCompile Include="..\Common\render\Rectangle.cpp">
      <Filter>src\render</Filter>
    </ClCompile>
    <ClCompile Include="..\Common\load\ModelLoader.cpp">
      <Filter>src\load</Filter>
    </ClCompile>
  </ItemGroup>
  <ItemGroup>
    <ClInclude Include="src\Application.h">
      <Filter>src</Filter>
    </ClInclude>
    <ClInclude Include="src\System.h">
      <Filter>src</Filter>
    </ClInclude>
    <ClInclude Include="src\scene\DebugCamera.h">
      <Filter>src\scene</Filter>
    </ClInclude>
    <ClInclude Include="src\render\InputLayoutFactory.h">
      <Filter>src\render</Filter>
    </ClInclude>
    <ClInclude Include="src\render\ShaderManager.h">
      <Filter>src\render</Filter>
    </ClInclude>
    <ClInclude Include="src\render\ShaderBase.h">
      <Filter>src\render</Filter>
    </ClInclude>
    <ClInclude Include="src\render\Shader.h">
      <Filter>src\render</Filter>
    </ClInclude>
    <ClInclude Include="src\render\Renderer.h">
      <Filter>src\render</Filter>
    </ClInclude>
    <ClInclude Include="src\render\render.h">
      <Filter>src\render</Filter>
    </ClInclude>
    <ClInclude Include="src\render\ShaderType.h">
      <Filter>src\render</Filter>
    </ClInclude>
    <ClInclude Include="src\render\ShadowMap.h">
      <Filter>src\render</Filter>
    </ClInclude>
    <ClInclude Include="src\scene\FFT.h">
      <Filter>src\scene</Filter>
    </ClInclude>
    <ClInclude Include="src\scene\Ocean.h">
      <Filter>src\scene</Filter>
    </ClInclude>
    <ClInclude Include="src\scene\scene.h">
      <Filter>src\scene</Filter>
    </ClInclude>
    <ClInclude Include="src\scene\QuadTreeMesh.h">
      <Filter>src\scene</Filter>
    </ClInclude>
    <ClInclude Include="src\scene\SkyBox.h">
      <Filter>src\scene</Filter>
    </ClInclude>
    <ClInclude Include="src\scene\Airplane.h">
      <Filter>src\scene</Filter>
    </ClInclude>
    <ClInclude Include="src\scene\CameraThirdPerson.h">
      <Filter>src\scene</Filter>
    </ClInclude>
    <ClInclude Include="..\Common\font\FontManager.h">
      <Filter>src\font</Filter>
    </ClInclude>
    <ClInclude Include="..\Common\font\FontPack.h">
      <Filter>src\font</Filter>
    </ClInclude>
    <ClInclude Include="..\Common\font\FontShader.h">
      <Filter>src\font</Filter>
    </ClInclude>
    <ClInclude Include="..\Common\font\FontType.h">
      <Filter>src\font</Filter>
    </ClInclude>
    <ClInclude Include="..\Common\load\load_material.h">
      <Filter>src\load</Filter>
    </ClInclude>
    <ClInclude Include="..\Common\load\load.h">
      <Filter>src\load</Filter>
    </ClInclude>
    <ClInclude Include="..\Common\load\load_geometry.h">
      <Filter>src\load</Filter>
    </ClInclude>
    <ClInclude Include="..\Common\load\load_mesh.h">
      <Filter>src\load</Filter>
    </ClInclude>
    <ClInclude Include="..\Common\load\load_node.h">
      <Filter>src\load</Filter>
    </ClInclude>
    <ClInclude Include="..\Common\load\load_texture.h">
      <Filter>src\load</Filter>
    </ClInclude>
    <ClInclude Include="..\Common\render\Geometry.h">
      <Filter>src\render</Filter>
    </ClInclude>
    <ClInclude Include="..\Common\render\AnimObject.h">
      <Filter>src\render</Filter>
    </ClInclude>
    <ClInclude Include="..\Common\render\Material.h">
      <Filter>src\render</Filter>
    </ClInclude>
    <ClInclude Include="..\Common\render\Mesh.h">
      <Filter>src\render</Filter>
    </ClInclude>
    <ClInclude Include="..\Common\render\Node.h">
      <Filter>src\render</Filter>
    </ClInclude>
    <ClInclude Include="..\Common\render\Object.h">
      <Filter>src\render</Filter>
    </ClInclude>
    <ClInclude Include="..\Common\render\render.h">
      <Filter>src\render</Filter>
    </ClInclude>
    <ClInclude Include="..\Common\Input.h">
      <Filter>src</Filter>
    </ClInclude>
    <ClInclude Include="..\Common\stdafx.h">
      <Filter>src</Filter>
    </ClInclude>
    <ClInclude Include="..\Common\Timer.h">
      <Filter>src</Filter>
    </ClInclude>
    <ClInclude Include="..\Common\render\ShaderBase.h">
      <Filter>src\render</Filter>
    </ClInclude>
    <ClInclude Include="..\Common\render\Rectangle.h">
      <Filter>src\render</Filter>
    </ClInclude>
    <ClInclude Include="..\Common\render\DebugDraw.h">
      <Filter>src\render</Filter>
    </ClInclude>
    <ClInclude Include="..\Common\render\Glare.h">
      <Filter>src\render</Filter>
    </ClInclude>
    <ClInclude Include="..\Common\load\ModelLoader.h">
      <Filter>src\load</Filter>
    </ClInclude>
  </ItemGroup>
  <ItemGroup>
    <Filter Include="src">
      <UniqueIdentifier>{e40a84b8-ef01-407b-997a-ad1b6857f6e9}</UniqueIdentifier>
    </Filter>
    <Filter Include="src\load">
      <UniqueIdentifier>{7e746a7a-00cc-45d6-877e-0ca68a657b9f}</UniqueIdentifier>
    </Filter>
    <Filter Include="src\render">
      <UniqueIdentifier>{3ca8dc5d-e87c-4b05-8b63-ac90728ca097}</UniqueIdentifier>
    </Filter>
    <Filter Include="src\scene">
      <UniqueIdentifier>{b4f9e101-86ef-4dde-a0c8-7a2ac49159b9}</UniqueIdentifier>
    </Filter>
    <Filter Include="src\font">
      <UniqueIdentifier>{835c7959-2385-4e7c-a4c7-e6b74f525272}</UniqueIdentifier>
    </Filter>
    <Filter Include="src\render\shader">
      <UniqueIdentifier>{3fd2a76a-42fb-400f-b595-21ad0e76b525}</UniqueIdentifier>
    </Filter>
  </ItemGroup>
  <ItemGroup>
    <None Include="src\render\shader\FXAA.vs">
      <Filter>src\render\shader</Filter>
    </None>
    <None Include="src\render\shader\DebugVC.ps">
      <Filter>src\render\shader</Filter>
    </None>
    <None Include="src\render\shader\Default.ps">
      <Filter>src\render\shader</Filter>
    </None>
    <None Include="src\render\shader\DefaultTexture.ps">
      <Filter>src\render\shader</Filter>
    </None>
    <None Include="src\render\shader\Depth.ps">
      <Filter>src\render\shader</Filter>
    </None>
    <None Include="src\render\shader\FXAA.ps">
      <Filter>src\render\shader</Filter>
    </None>
    <None Include="src\render\shader\Gauss.ps">
      <Filter>src\render\shader</Filter>
    </None>
    <None Include="src\render\shader\Glare.ps">
      <Filter>src\render\shader</Filter>
    </None>
    <None Include="src\render\shader\HDAO.ps">
      <Filter>src\render\shader</Filter>
    </None>
    <None Include="src\render\shader\Ocean.ps">
      <Filter>src\render\shader</Filter>
    </None>
    <None Include="src\render\shader\OceanWire.ps">
      <Filter>src\render\shader</Filter>
    </None>
    <None Include="src\render\shader\Rectangle.ps">
      <Filter>src\render\shader</Filter>
    </None>
    <None Include="src\render\shader\SkyBox.ps">
      <Filter>src\render\shader</Filter>
    </None>
    <None Include="src\render\shader\TonemappingStatic.ps">
      <Filter>src\render\shader</Filter>
    </None>
    <None Include="src\render\shader\DebugVC.vs">
      <Filter>src\render\shader</Filter>
    </None>
    <None Include="src\render\shader\Default.vs">
      <Filter>src\render\shader</Filter>
    </None>
    <None Include="src\render\shader\Depth.vs">
      <Filter>src\render\shader</Filter>
    </None>
    <None Include="src\render\shader\FullQuad.vs">
      <Filter>src\render\shader</Filter>
    </None>
    <None Include="src\render\shader\Layout_Ocean.vs">
      <Filter>src\render\shader</Filter>
    </None>
    <None Include="src\render\shader\Layout_P.vs">
      <Filter>src\render\shader</Filter>
    </None>
    <None Include="src\render\shader\Layout_PC.vs">
      <Filter>src\render\shader</Filter>
    </None>
    <None Include="src\render\shader\Layout_PN.vs">
      <Filter>src\render\shader</Filter>
    </None>
    <None Include="src\render\shader\Layout_PNCU.vs">
      <Filter>src\render\shader</Filter>
    </None>
    <None Include="src\render\shader\Layout_PNTB.vs">
      <Filter>src\render\shader</Filter>
    </None>
    <None Include="src\render\shader\Layout_PNTBU.vs">
      <Filter>src\render\shader</Filter>
    </None>
    <None Include="src\render\shader\Layout_PNU.vs">
      <Filter>src\render\shader</Filter>
    </None>
    <None Include="src\render\shader\Layout_PNUBone.vs">
      <Filter>src\render\shader</Filter>
    </None>
    <None Include="src\render\shader\Layout_PU.vs">
      <Filter>src\render\shader</Filter>
    </None>
    <None Include="src\render\shader\Ocean.vs">
      <Filter>src\render\shader</Filter>
    </None>
    <None Include="src\render\shader\Rectangle.vs">
      <Filter>src\render\shader</Filter>
    </None>
    <None Include="src\render\shader\SkyBox.vs">
      <Filter>src\render\shader</Filter>
    </None>
  </ItemGroup>
</Project>